# This file was autogenerated by Stack.
# You should not edit this file by hand.
# For more information, please see the documentation at:
#   https://docs.haskellstack.org/en/stable/topics/lock_files

packages:
- completed:
    hackage: crypton-connection-0.3.2@sha256:4bf4bd26230d4b2282c920e1ab2972da36c496b8fcbe0b8456f95ef882b26ae6,1650
    pantry-tree:
      sha256: 0b78d9517e55ec0e7e6153425928a9e424a6d40c4d327aee4226e99313438be0
      size: 394
  original:
    hackage: crypton-connection-0.3.2
- completed:
    hackage: crypton-x509-1.7.7@sha256:89e227a3ded52d46c65fcc4e9b17a15d39e9f4252faa61cf9a89a3ef30f13722,2355
    pantry-tree:
      sha256: b7396ef100c1a44533c94f97ba9539a22eff4114cfea6d4e4138ac2cd91bc48b
      size: 1080
  original:
    hackage: crypton-x509-1.7.7
- completed:
    hackage: crypton-x509-store-1.6.10@sha256:2df3c2e95579c2e6656a193dd71c263114e2ce71eb587a19b23751bc55db2ed3,1825
    pantry-tree:
      sha256: d2e8bd03fe29559c43f044ee9902d3974ce5ce79c14bcb51429ff8157bdafaa4
      size: 406
  original:
    hackage: crypton-x509-store-1.6.10
- completed:
    hackage: crypton-x509-system-1.6.7@sha256:023ed573d82983bc473a37a89e0434a085b413be9f68d07e085361056afd4637,1532
    pantry-tree:
      sha256: c0ca49e6a9537f3fdb7b47c5cfe93f7d744a369bf9d089f3c668b9c2d97402b7
      size: 399
  original:
    hackage: crypton-x509-system-1.6.7
- completed:
    hackage: crypton-x509-validation-1.6.14@sha256:c3ac343ec6baa116ffeacdba9f224f609359a43cbb62b3ef5cc1ba8bc5386b37,2349
    pantry-tree:
      sha256: b79ad872647827a1310e4ab776154c24186cda189c329e9cf32f505ac1b04d2d
      size: 639
  original:
    hackage: crypton-x509-validation-1.6.14
- completed:
    hackage: tls-1.8.0@sha256:df02d83c9dcb765ea1c51c8b0a53cade44e1edb08496224c9844c64198c9ecc4,5801
    pantry-tree:
      sha256: 1a21a24c3a54cfb1c33bb430a0843283605b831482d91339adf5e12f61c246d1
      size: 4897
  original:
    hackage: tls-1.8.0
snapshots:
- completed:
    sha256: a81fb3877c4f9031e1325eb3935122e608d80715dc16b586eb11ddbff8671ecd
    size: 640086
    url: https://raw.githubusercontent.com/commercialhaskell/stackage-snapshots/master/lts/21/25.yaml
  original: lts-21.25
