# This file was autogenerated by Stack.
# You should not edit this file by hand.
# For more information, please see the documentation at:
#   https://docs.haskellstack.org/en/stable/topics/lock_files

packages: []
snapshots:
- completed:
    sha256: 38576406e65852b2665b3006437e74dfdb0a97977409b1c69de0986868f8c5b1
    size: 771158
    url: https://raw.githubusercontent.com/commercialhaskell/stackage-snapshots/master/nightly/2026/8/16.yaml
  original: nightly-2026-08-16
