# This file was autogenerated by Stack.
# You should not edit this file by hand.
# For more information, please see the documentation at:
#   https://docs.haskellstack.org/en/stable/topics/lock_files

packages:
- completed:
    hackage: henforcer-1.0.0.1@sha256:69f1c0140122505f3daf2ef2aef4b100ced6579fd741b6f191d3ef4c5e99b8c5,4632
    pantry-tree:
      sha256: 9374d76092216baaf986c4538161e5ca4711c944c3915b7f45fbf29ff28ddd98
      size: 3049
  original:
    hackage: henforcer-1.0.0.1
- completed:
    hackage: pollock-0.1.0.3@sha256:0c245280f8b7813357c14663b2ab456e3c3998cd6beb2d5cca53741ca9589285,3969
    pantry-tree:
      sha256: 88b5bcf2aecd3e3768d5813b80dab7b2d5c19b9a73e6760aec247a6fd19c6ecf
      size: 1182
  original:
    hackage: pollock-0.1.0.3
snapshots:
- completed:
    sha256: 38576406e65852b2665b3006437e74dfdb0a97977409b1c69de0986868f8c5b1
    size: 771158
    url: https://raw.githubusercontent.com/commercialhaskell/stackage-snapshots/master/nightly/2026/8/16.yaml
  original: nightly-2026-08-16
